
Microsoft Visual Studio Solution File, Format Version 10.00
# Visual Studio 2008
Project("{FAE04EC0-301F-11D3-BF4B-00C04F79EFBC}") = "SignalStrengthMeter", "SignalStrengthMeter.csproj", "{90ADC40B-72DE-4B71-88B8-95D7BBC118EA}"
	GlobalSection(PureCMSourceControlProviderSolutionProperties) = preSolution
		SolutionIsControlled = True
	EndGlobalSection
EndProject
Global
	GlobalSection(PureCMSourceControlProviderSolutionProperties) = preSolution
		SolutionIsControlled = True
	EndGlobalSection
	GlobalSection(SolutionConfigurationPlatforms) = preSolution
		Debug|Any CPU = Debug|Any CPU
		Release|Any CPU = Release|Any CPU
	EndGlobalSection
	GlobalSection(ProjectConfigurationPlatforms) = postSolution
		{90ADC40B-72DE-4B71-88B8-95D7BBC118EA}.Debug|Any CPU.ActiveCfg = Debug|Any CPU
		{90ADC40B-72DE-4B71-88B8-95D7BBC118EA}.Debug|Any CPU.Build.0 = Debug|Any CPU
		{90ADC40B-72DE-4B71-88B8-95D7BBC118EA}.Release|Any CPU.ActiveCfg = Release|Any CPU
		{90ADC40B-72DE-4B71-88B8-95D7BBC118EA}.Release|Any CPU.Build.0 = Release|Any CPU
	EndGlobalSection
	GlobalSection(SolutionProperties) = preSolution
		HideSolutionNode = FALSE
	EndGlobalSection
EndGlobal
